
Microsoft Visual Studio Solution File, Format Version 12.00
# Visual Studio 15
VisualStudioVersion = 15.0.28010.2041
MinimumVisualStudioVersion = 10.0.40219.1
Project("{FAE04EC0-301F-11D3-BF4B-00C04F79EFBC}") = "App5.Android", "App5\App5.Android\App5.Android.csproj", "{4A0EA51B-E5A2-4784-A85F-D5256D04AE3E}"
EndProject
Project("{FAE04EC0-301F-11D3-BF4B-00C04F79EFBC}") = "App5.iOS", "App5\App5.iOS\App5.iOS.csproj", "{0F2F937F-68B3-4622-85E5-21F5B09A6324}"
EndProject
Project("{D954291E-2A0B-460D-934E-DC6B0785DB48}") = "App5", "App5\App5\App5.shproj", "{9CF63F84-27D2-4A17-B51F-E64AD2286B57}"
EndProject
Global
	GlobalSection(SharedMSBuildProjectFiles) = preSolution
		App5\App5\App5.projitems*{0f2f937f-68b3-4622-85e5-21f5b09a6324}*SharedItemsImports = 4
		App5\App5\App5.projitems*{4a0ea51b-e5a2-4784-a85f-d5256d04ae3e}*SharedItemsImports = 4
		App5\App5\App5.projitems*{9cf63f84-27d2-4a17-b51f-e64ad2286b57}*SharedItemsImports = 13
	EndGlobalSection
	GlobalSection(SolutionConfigurationPlatforms) = preSolution
		Ad-Hoc|Any CPU = Ad-Hoc|Any CPU
		Ad-Hoc|iPhone = Ad-Hoc|iPhone
		Ad-Hoc|iPhoneSimulator = Ad-Hoc|iPhoneSimulator
		AppStore|Any CPU = AppStore|Any CPU
		AppStore|iPhone = AppStore|iPhone
		AppStore|iPhoneSimulator = AppStore|iPhoneSimulator
		Debug|Any CPU = Debug|Any CPU
		Debug|iPhone = Debug|iPhone
		Debug|iPhoneSimulator = Debug|iPhoneSimulator
		Release|Any CPU = Release|Any CPU
		Release|iPhone = Release|iPhone
		Release|iPhoneSimulator = Release|iPhoneSimulator
	EndGlobalSection
	GlobalSection(ProjectConfigurationPlatforms) = postSolution
		{4A0EA51B-E5A2-4784-A85F-D5256D04AE3E}.Ad-Hoc|Any CPU.ActiveCfg = Release|Any CPU
		{4A0EA51B-E5A2-4784-A85F-D5256D04AE3E}.Ad-Hoc|Any CPU.Build.0 = Release|Any CPU
		{4A0EA51B-E5A2-4784-A85F-D5256D04AE3E}.Ad-Hoc|Any CPU.Deploy.0 = Release|Any CPU
		{4A0EA51B-E5A2-4784-A85F-D5256D04AE3E}.Ad-Hoc|iPhone.ActiveCfg = Release|Any CPU
		{4A0EA51B-E5A2-4784-A85F-D5256D04AE3E}.Ad-Hoc|iPhone.Build.0 = Release|Any CPU
		{4A0EA51B-E5A2-4784-A85F-D5256D04AE3E}.Ad-Hoc|iPhone.Deploy.0 = Release|Any CPU
		{4A0EA51B-E5A2-4784-A85F-D5256D04AE3E}.Ad-Hoc|iPhoneSimulator.ActiveCfg = Release|Any CPU
		{4A0EA51B-E5A2-4784-A85F-D5256D04AE3E}.Ad-Hoc|iPhoneSimulator.Build.0 = Release|Any CPU
		{4A0EA51B-E5A2-4784-A85F-D5256D04AE3E}.Ad-Hoc|iPhoneSimulator.Deploy.0 = Release|Any CPU
		{4A0EA51B-E5A2-4784-A85F-D5256D04AE3E}.AppStore|Any CPU.ActiveCfg = Release|Any CPU
		{4A0EA51B-E5A2-4784-A85F-D5256D04AE3E}.AppStore|Any CPU.Build.0 = Release|Any CPU
		{4A0EA51B-E5A2-4784-A85F-D5256D04AE3E}.AppStore|Any CPU.Deploy.0 = Release|Any CPU
		{4A0EA51B-E5A2-4784-A85F-D5256D04AE3E}.AppStore|iPhone.ActiveCfg = Release|Any CPU
		{4A0EA51B-E5A2-4784-A85F-D5256D04AE3E}.AppStore|iPhone.Build.0 = Release|Any CPU
		{4A0EA51B-E5A2-4784-A85F-D5256D04AE3E}.AppStore|iPhone.Deploy.0 = Release|Any CPU
		{4A0EA51B-E5A2-4784-A85F-D5256D04AE3E}.AppStore|iPhoneSimulator.ActiveCfg = Release|Any CPU
		{4A0EA51B-E5A2-4784-A85F-D5256D04AE3E}.AppStore|iPhoneSimulator.Build.0 = Release|Any CPU
		{4A0EA51B-E5A2-4784-A85F-D5256D04AE3E}.AppStore|iPhoneSimulator.Deploy.0 = Release|Any CPU
		{4A0EA51B-E5A2-4784-A85F-D5256D04AE3E}.Debug|Any CPU.ActiveCfg = Debug|Any CPU
		{4A0EA51B-E5A2-4784-A85F-D5256D04AE3E}.Debug|Any CPU.Build.0 = Debug|Any CPU
		{4A0EA51B-E5A2-4784-A85F-D5256D04AE3E}.Debug|Any CPU.Deploy.0 = Debug|Any CPU
		{4A0EA51B-E5A2-4784-A85F-D5256D04AE3E}.Debug|iPhone.ActiveCfg = Debug|Any CPU
		{4A0EA51B-E5A2-4784-A85F-D5256D04AE3E}.Debug|iPhone.Build.0 = Debug|Any CPU
		{4A0EA51B-E5A2-4784-A85F-D5256D04AE3E}.Debug|iPhone.Deploy.0 = Debug|Any CPU
		{4A0EA51B-E5A2-4784-A85F-D5256D04AE3E}.Debug|iPhoneSimulator.ActiveCfg = Debug|Any CPU
		{4A0EA51B-E5A2-4784-A85F-D5256D04AE3E}.Debug|iPhoneSimulator.Build.0 = Debug|Any CPU
		{4A0EA51B-E5A2-4784-A85F-D5256D04AE3E}.Debug|iPhoneSimulator.Deploy.0 = Debug|Any CPU
		{4A0EA51B-E5A2-4784-A85F-D5256D04AE3E}.Release|Any CPU.ActiveCfg = Release|Any CPU
		{4A0EA51B-E5A2-4784-A85F-D5256D04AE3E}.Release|Any CPU.Build.0 = Release|Any CPU
		{4A0EA51B-E5A2-4784-A85F-D5256D04AE3E}.Release|Any CPU.Deploy.0 = Release|Any CPU
		{4A0EA51B-E5A2-4784-A85F-D5256D04AE3E}.Release|iPhone.ActiveCfg = Release|Any CPU
		{4A0EA51B-E5A2-4784-A85F-D5256D04AE3E}.Release|iPhone.Build.0 = Release|Any CPU
		{4A0EA51B-E5A2-4784-A85F-D5256D04AE3E}.Release|iPhone.Deploy.0 = Release|Any CPU
		{4A0EA51B-E5A2-4784-A85F-D5256D04AE3E}.Release|iPhoneSimulator.ActiveCfg = Release|Any CPU
		{4A0EA51B-E5A2-4784-A85F-D5256D04AE3E}.Release|iPhoneSimulator.Build.0 = Release|Any CPU
		{4A0EA51B-E5A2-4784-A85F-D5256D04AE3E}.Release|iPhoneSimulator.Deploy.0 = Release|Any CPU
		{0F2F937F-68B3-4622-85E5-21F5B09A6324}.Ad-Hoc|Any CPU.ActiveCfg = Ad-Hoc|iPhone
		{0F2F937F-68B3-4622-85E5-21F5B09A6324}.Ad-Hoc|Any CPU.Build.0 = Ad-Hoc|iPhone
		{0F2F937F-68B3-4622-85E5-21F5B09A6324}.Ad-Hoc|Any CPU.Deploy.0 = Ad-Hoc|iPhone
		{0F2F937F-68B3-4622-85E5-21F5B09A6324}.Ad-Hoc|iPhone.ActiveCfg = Ad-Hoc|iPhone
		{0F2F937F-68B3-4622-85E5-21F5B09A6324}.Ad-Hoc|iPhone.Build.0 = Ad-Hoc|iPhone
		{0F2F937F-68B3-4622-85E5-21F5B09A6324}.Ad-Hoc|iPhone.Deploy.0 = Ad-Hoc|iPhone
		{0F2F937F-68B3-4622-85E5-21F5B09A6324}.Ad-Hoc|iPhoneSimulator.ActiveCfg = Ad-Hoc|iPhoneSimulator
		{0F2F937F-68B3-4622-85E5-21F5B09A6324}.Ad-Hoc|iPhoneSimulator.Build.0 = Ad-Hoc|iPhoneSimulator
		{0F2F937F-68B3-4622-85E5-21F5B09A6324}.Ad-Hoc|iPhoneSimulator.Deploy.0 = Ad-Hoc|iPhoneSimulator
		{0F2F937F-68B3-4622-85E5-21F5B09A6324}.AppStore|Any CPU.ActiveCfg = AppStore|iPhone
		{0F2F937F-68B3-4622-85E5-21F5B09A6324}.AppStore|Any CPU.Build.0 = AppStore|iPhone
		{0F2F937F-68B3-4622-85E5-21F5B09A6324}.AppStore|Any CPU.Deploy.0 = AppStore|iPhone
		{0F2F937F-68B3-4622-85E5-21F5B09A6324}.AppStore|iPhone.ActiveCfg = AppStore|iPhone
		{0F2F937F-68B3-4622-85E5-21F5B09A6324}.AppStore|iPhone.Build.0 = AppStore|iPhone
		{0F2F937F-68B3-4622-85E5-21F5B09A6324}.AppStore|iPhone.Deploy.0 = AppStore|iPhone
		{0F2F937F-68B3-4622-85E5-21F5B09A6324}.AppStore|iPhoneSimulator.ActiveCfg = AppStore|iPhoneSimulator
		{0F2F937F-68B3-4622-85E5-21F5B09A6324}.AppStore|iPhoneSimulator.Build.0 = AppStore|iPhoneSimulator
		{0F2F937F-68B3-4622-85E5-21F5B09A6324}.AppStore|iPhoneSimulator.Deploy.0 = AppStore|iPhoneSimulator
		{0F2F937F-68B3-4622-85E5-21F5B09A6324}.Debug|Any CPU.ActiveCfg = Debug|iPhoneSimulator
		{0F2F937F-68B3-4622-85E5-21F5B09A6324}.Debug|Any CPU.Build.0 = Debug|iPhoneSimulator
		{0F2F937F-68B3-4622-85E5-21F5B09A6324}.Debug|Any CPU.Deploy.0 = Debug|iPhoneSimulator
		{0F2F937F-68B3-4622-85E5-21F5B09A6324}.Debug|iPhone.ActiveCfg = Debug|iPhone
		{0F2F937F-68B3-4622-85E5-21F5B09A6324}.Debug|iPhone.Build.0 = Debug|iPhone
		{0F2F937F-68B3-4622-85E5-21F5B09A6324}.Debug|iPhone.Deploy.0 = Debug|iPhone
		{0F2F937F-68B3-4622-85E5-21F5B09A6324}.Debug|iPhoneSimulator.ActiveCfg = Debug|iPhoneSimulator
		{0F2F937F-68B3-4622-85E5-21F5B09A6324}.Debug|iPhoneSimulator.Build.0 = Debug|iPhoneSimulator
		{0F2F937F-68B3-4622-85E5-21F5B09A6324}.Debug|iPhoneSimulator.Deploy.0 = Debug|iPhoneSimulator
		{0F2F937F-68B3-4622-85E5-21F5B09A6324}.Release|Any CPU.ActiveCfg = Release|iPhone
		{0F2F937F-68B3-4622-85E5-21F5B09A6324}.Release|Any CPU.Build.0 = Release|iPhone
		{0F2F937F-68B3-4622-85E5-21F5B09A6324}.Release|Any CPU.Deploy.0 = Release|iPhone
		{0F2F937F-68B3-4622-85E5-21F5B09A6324}.Release|iPhone.ActiveCfg = Release|iPhone
		{0F2F937F-68B3-4622-85E5-21F5B09A6324}.Release|iPhone.Build.0 = Release|iPhone
		{0F2F937F-68B3-4622-85E5-21F5B09A6324}.Release|iPhone.Deploy.0 = Release|iPhone
		{0F2F937F-68B3-4622-85E5-21F5B09A6324}.Release|iPhoneSimulator.ActiveCfg = Release|iPhoneSimulator
		{0F2F937F-68B3-4622-85E5-21F5B09A6324}.Release|iPhoneSimulator.Build.0 = Release|iPhoneSimulator
		{0F2F937F-68B3-4622-85E5-21F5B09A6324}.Release|iPhoneSimulator.Deploy.0 = Release|iPhoneSimulator
	EndGlobalSection
	GlobalSection(SolutionProperties) = preSolution
		HideSolutionNode = FALSE
	EndGlobalSection
	GlobalSection(ExtensibilityGlobals) = postSolution
		SolutionGuid = {F6CAD31C-C8EB-472A-85CB-8139BCFB7B38}
	EndGlobalSection
EndGlobal
